
Microsoft Visual Studio Solution File, Format Version 12.00
# Visual Studio Version 16
VisualStudioVersion = 16.0.31129.286
MinimumVisualStudioVersion = 10.0.40219.1
Project("{9A19103F-16F7-4668-BE54-9A1E7A4F7556}") = "JeeAccount", "JeeAccount\JeeAccount.csproj", "{488228AA-D6EA-4A2E-A8AE-1DA35039F394}"
EndProject
Project("{FAE04EC0-301F-11D3-BF4B-00C04F79EFBC}") = "BackEnd", "BackEnd\BackEnd.csproj", "{36EC311D-1139-4A8E-925B-CC00C8390288}"
EndProject
Global
	GlobalSection(SolutionConfigurationPlatforms) = preSolution
		Debug|Any CPU = Debug|Any CPU
		Release|Any CPU = Release|Any CPU
	EndGlobalSection
	GlobalSection(ProjectConfigurationPlatforms) = postSolution
		{488228AA-D6EA-4A2E-A8AE-1DA35039F394}.Debug|Any CPU.ActiveCfg = Debug|Any CPU
		{488228AA-D6EA-4A2E-A8AE-1DA35039F394}.Debug|Any CPU.Build.0 = Debug|Any CPU
		{488228AA-D6EA-4A2E-A8AE-1DA35039F394}.Release|Any CPU.ActiveCfg = Release|Any CPU
		{488228AA-D6EA-4A2E-A8AE-1DA35039F394}.Release|Any CPU.Build.0 = Release|Any CPU
		{36EC311D-1139-4A8E-925B-CC00C8390288}.Debug|Any CPU.ActiveCfg = Debug|Any CPU
		{36EC311D-1139-4A8E-925B-CC00C8390288}.Debug|Any CPU.Build.0 = Debug|Any CPU
		{36EC311D-1139-4A8E-925B-CC00C8390288}.Release|Any CPU.ActiveCfg = Release|Any CPU
		{36EC311D-1139-4A8E-925B-CC00C8390288}.Release|Any CPU.Build.0 = Release|Any CPU
	EndGlobalSection
	GlobalSection(SolutionProperties) = preSolution
		HideSolutionNode = FALSE
	EndGlobalSection
	GlobalSection(ExtensibilityGlobals) = postSolution
		SolutionGuid = {9AF1A264-9093-4A82-8A7F-95ED5779EE36}
	EndGlobalSection
EndGlobal
